// !$*UTF8*$!
{
	archiveVersion = 1;
	classes = {
	};
	objectVersion = 46;
	objects = {

/* Begin PBXBuildFile section */
		1D9ABA451A6307940011A855 /* main.m in Sources */ = {isa = PBXBuildFile; fileRef = 1D9ABA441A6307940011A855 /* main.m */; };
		1D9ABA481A6307940011A855 /* AppDelegate.m in Sources */ = {isa = PBXBuildFile; fileRef = 1D9ABA471A6307940011A855 /* AppDelegate.m */; };
		1D9ABA4B1A6307940011A855 /* RootViewController.m in Sources */ = {isa = PBXBuildFile; fileRef = 1D9ABA4A1A6307940011A855 /* RootViewController.m */; };
		1D9ABA4E1A6307940011A855 /* DataViewController.m in Sources */ = {isa = PBXBuildFile; fileRef = 1D9ABA4D1A6307940011A855 /* DataViewController.m */; };
		1D9ABA511A6307940011A855 /* ModelController.m in Sources */ = {isa = PBXBuildFile; fileRef = 1D9ABA501A6307940011A855 /* ModelController.m */; };
		1D9ABA541A6307940011A855 /* Main.storyboard in Resources */ = {isa = PBXBuildFile; fileRef = 1D9ABA521A6307940011A855 /* Main.storyboard */; };
		1D9ABA561A6307940011A855 /* Images.xcassets in Resources */ = {isa = PBXBuildFile; fileRef = 1D9ABA551A6307940011A855 /* Images.xcassets */; };
		1D9ABA591A6307940011A855 /* LaunchScreen.xib in Resources */ = {isa = PBXBuildFile; fileRef = 1D9ABA571A6307940011A855 /* LaunchScreen.xib */; };
		1D9ABA651A6307940011A855 /* PageBased_iOSTests.m in Sources */ = {isa = PBXBuildFile; fileRef = 1D9ABA641A6307940011A855 /* PageBased_iOSTests.m */; };
/* End PBXBuildFile section */

/* Begin PBXContainerItemProxy section */
		1D9ABA5F1A6307940011A855 /* PBXContainerItemProxy */ = {
			isa = PBXContainerItemProxy;
			containerPortal = 1D9ABA371A6307930011A855 /* Project object */;
			proxyType = 1;
			remoteGlobalIDString = 1D9ABA3E1A6307940011A855;
			remoteInfo = PageBased_iOS;
		};
/* End PBXContainerItemProxy section */

/* Begin PBXFileReference section */
		1D9ABA3F1A6307940011A855 /* PageBased_iOS.app */ = {isa = PBXFileReference; explicitFileType = wrapper.application; includeInIndex = 0; path = PageBased_iOS.app; sourceTree = BUILT_PRODUCTS_DIR; };
		1D9ABA431A6307940011A855 /* Info.plist */ = {isa = PBXFileReference; lastKnownFileType = text.plist.xml; path = Info.plist; sourceTree = "<group>"; };
		1D9ABA441A6307940011A855 /* main.m */ = {isa = PBXFileReference; lastKnownFileType = sourcecode.c.objc; path = main.m; sourceTree = "<group>"; };
		1D9ABA461A6307940011A855 /* AppDelegate.h */ = {isa = PBXFileReference; lastKnownFileType = sourcecode.c.h; path = AppDelegate.h; sourceTree = "<group>"; };
		1D9ABA471A6307940011A855 /* AppDelegate.m */ = {isa = PBXFileReference; lastKnownFileType = sourcecode.c.objc; path = AppDelegate.m; sourceTree = "<group>"; };
		1D9ABA491A6307940011A855 /* RootViewController.h */ = {isa = PBXFileReference; lastKnownFileType = sourcecode.c.h; path = RootViewController.h; sourceTree = "<group>"; };
		1D9ABA4A1A6307940011A855 /* RootViewController.m */ = {isa = PBXFileReference; lastKnownFileType = sourcecode.c.objc; path = RootViewController.m; sourceTree = "<group>"; };
		1D9ABA4C1A6307940011A855 /* DataViewController.h */ = {isa = PBXFileReference; lastKnownFileType = sourcecode.c.h; path = DataViewController.h; sourceTree = "<group>"; };
		1D9ABA4D1A6307940011A855 /* DataViewController.m */ = {isa = PBXFileReference; lastKnownFileType = sourcecode.c.objc; path = DataViewController.m; sourceTree = "<group>"; };
		1D9ABA4F1A6307940011A855 /* ModelController.h */ = {isa = PBXFileReference; lastKnownFileType = sourcecode.c.h; path = ModelController.h; sourceTree = "<group>"; };
		1D9ABA501A6307940011A855 /* ModelController.m */ = {isa = PBXFileReference; lastKnownFileType = sourcecode.c.objc; path = ModelController.m; sourceTree = "<group>"; };
		1D9ABA531A6307940011A855 /* Base */ = {isa = PBXFileReference; lastKnownFileType = file.storyboard; name = Base; path = Base.lproj/Main.storyboard; sourceTree = "<group>"; };
		1D9ABA551A6307940011A855 /* Images.xcassets */ = {isa = PBXFileReference; lastKnownFileType = folder.assetcatalog; path = Images.xcassets; sourceTree = "<group>"; };
		1D9ABA581A6307940011A855 /* Base */ = {isa = PBXFileReference; lastKnownFileType = file.xib; name = Base; path = Base.lproj/LaunchScreen.xib; sourceTree = "<group>"; };
		1D9ABA5E1A6307940011A855 /* PageBased_iOSTests.xctest */ = {isa = PBXFileReference; explicitFileType = wrapper.cfbundle; includeInIndex = 0; path = PageBased_iOSTests.xctest; sourceTree = BUILT_PRODUCTS_DIR; };
		1D9ABA631A6307940011A855 /* Info.plist */ = {isa = PBXFileReference; lastKnownFileType = text.plist.xml; path = Info.plist; sourceTree = "<group>"; };
		1D9ABA641A6307940011A855 /* PageBased_iOSTests.m */ = {isa = PBXFileReference; lastKnownFileType = sourcecode.c.objc; path = PageBased_iOSTests.m; sourceTree = "<group>"; };
/* End PBXFileReference section */

/* Begin PBXFrameworksBuildPhase section */
		1D9ABA3C1A6307940011A855 /* Frameworks */ = {
			isa = PBXFrameworksBuildPhase;
			buildActionMask = 2147483647;
			files = (
			);
			runOnlyForDeploymentPostprocessing = 0;
		};
		1D9ABA5B1A6307940011A855 /* Frameworks */ = {
			isa = PBXFrameworksBuildPhase;
			buildActionMask = 2147483647;
			files = (
			);
			runOnlyForDeploymentPostprocessing = 0;
		};
/* End PBXFrameworksBuildPhase section */

/* Begin PBXGroup section */
		1D9ABA361A6307930011A855 = {
			isa = PBXGroup;
			children = (
				1D9ABA411A6307940011A855 /* PageBased_iOS */,
				1D9ABA611A6307940011A855 /* PageBased_iOSTests */,
				1D9ABA401A6307940011A855 /* Products */,
			);
			sourceTree = "<group>";
		};
		1D9ABA401A6307940011A855 /* Products */ = {
			isa = PBXGroup;
			children = (
				1D9ABA3F1A6307940011A855 /* PageBased_iOS.app */,
				1D9ABA5E1A6307940011A855 /* PageBased_iOSTests.xctest */,
			);
			name = Products;
			sourceTree = "<group>";
		};
		1D9ABA411A6307940011A855 /* PageBased_iOS */ = {
			isa = PBXGroup;
			children = (
				1D9ABA461A6307940011A855 /* AppDelegate.h */,
				1D9ABA471A6307940011A855 /* AppDelegate.m */,
				1D9ABA491A6307940011A855 /* RootViewController.h */,
				1D9ABA4A1A6307940011A855 /* RootViewController.m */,
				1D9ABA4C1A6307940011A855 /* DataViewController.h */,
				1D9ABA4D1A6307940011A855 /* DataViewController.m */,
				1D9ABA4F1A6307940011A855 /* ModelController.h */,
				1D9ABA501A6307940011A855 /* ModelController.m */,
				1D9ABA521A6307940011A855 /* Main.storyboard */,
				1D9ABA551A6307940011A855 /* Images.xcassets */,
				1D9ABA571A6307940011A855 /* LaunchScreen.xib */,
				1D9ABA421A6307940011A855 /* Supporting Files */,
			);
			path = PageBased_iOS;
			sourceTree = "<group>";
		};
		1D9ABA421A6307940011A855 /* Supporting Files */ = {
			isa = PBXGroup;
			children = (
				1D9ABA431A6307940011A855 /* Info.plist */,
				1D9ABA441A6307940011A855 /* main.m */,
			);
			name = "Supporting Files";
			sourceTree = "<group>";
		};
		1D9ABA611A6307940011A855 /* PageBased_iOSTests */ = {
			isa = PBXGroup;
			children = (
				1D9ABA641A6307940011A855 /* PageBased_iOSTests.m */,
				1D9ABA621A6307940011A855 /* Supporting Files */,
			);
			path = PageBased_iOSTests;
			sourceTree = "<group>";
		};
		1D9ABA621A6307940011A855 /* Supporting Files */ = {
			isa = PBXGroup;
			children = (
				1D9ABA631A6307940011A855 /* Info.plist */,
			);
			name = "Supporting Files";
			sourceTree = "<group>";
		};
/* End PBXGroup section */

/* Begin PBXNativeTarget section */
		1D9ABA3E1A6307940011A855 /* PageBased_iOS */ = {
			isa = PBXNativeTarget;
			buildConfigurationList = 1D9ABA681A6307940011A855 /* Build configuration list for PBXNativeTarget "PageBased_iOS" */;
			buildPhases = (
				1D9ABA3B1A6307940011A855 /* Sources */,
				1D9ABA3C1A6307940011A855 /* Frameworks */,
				1D9ABA3D1A6307940011A855 /* Resources */,
			);
			buildRules = (
			);
			dependencies = (
			);
			name = PageBased_iOS;
			productName = PageBased_iOS;
			productReference = 1D9ABA3F1A6307940011A855 /* PageBased_iOS.app */;
			productType = "com.apple.product-type.application";
		};
		1D9ABA5D1A6307940011A855 /* PageBased_iOSTests */ = {
			isa = PBXNativeTarget;
			buildConfigurationList = 1D9ABA6B1A6307940011A855 /* Build configuration list for PBXNativeTarget "PageBased_iOSTests" */;
			buildPhases = (
				1D9ABA5A1A6307940011A855 /* Sources */,
				1D9ABA5B1A6307940011A855 /* Frameworks */,
				1D9ABA5C1A6307940011A855 /* Resources */,
			);
			buildRules = (
			);
			dependencies = (
				1D9ABA601A6307940011A855 /* PBXTargetDependency */,
			);
			name = PageBased_iOSTests;
			productName = PageBased_iOSTests;
			productReference = 1D9ABA5E1A6307940011A855 /* PageBased_iOSTests.xctest */;
			productType = "com.apple.product-type.bundle.unit-test";
		};
/* End PBXNativeTarget section */

/* Begin PBXProject section */
		1D9ABA371A6307930011A855 /* Project object */ = {
			isa = PBXProject;
			attributes = {
				LastUpgradeCheck = 0610;
				ORGANIZATIONNAME = "Universal Secure Registry";
				TargetAttributes = {
					1D9ABA3E1A6307940011A855 = {
						CreatedOnToolsVersion = 6.1.1;
					};
					1D9ABA5D1A6307940011A855 = {
						CreatedOnToolsVersion = 6.1.1;
						TestTargetID = 1D9ABA3E1A6307940011A855;
					};
				};
			};
			buildConfigurationList = 1D9ABA3A1A6307930011A855 /* Build configuration list for PBXProject "PageBased_iOS" */;
			compatibilityVersion = "Xcode 3.2";
			developmentRegion = English;
			hasScannedForEncodings = 0;
			knownRegions = (
				en,
				Base,
			);
			mainGroup = 1D9ABA361A6307930011A855;
			productRefGroup = 1D9ABA401A6307940011A855 /* Products */;
			projectDirPath = "";
			projectRoot = "";
			targets = (
				1D9ABA3E1A6307940011A855 /* PageBased_iOS */,
				1D9ABA5D1A6307940011A855 /* PageBased_iOSTests */,
			);
		};
/* End PBXProject section */

/* Begin PBXResourcesBuildPhase section */
		1D9ABA3D1A6307940011A855 /* Resources */ = {
			isa = PBXResourcesBuildPhase;
			buildActionMask = 2147483647;
			files = (
				1D9ABA541A6307940011A855 /* Main.storyboard in Resources */,
				1D9ABA591A6307940011A855 /* LaunchScreen.xib in Resources */,
				1D9ABA561A6307940011A855 /* Images.xcassets in Resources */,
			);
			runOnlyForDeploymentPostprocessing = 0;
		};
		1D9ABA5C1A6307940011A855 /* Resources */ = {
			isa = PBXResourcesBuildPhase;
			buildActionMask = 2147483647;
			files = (
			);
			runOnlyForDeploymentPostprocessing = 0;
		};
/* End PBXResourcesBuildPhase section */

/* Begin PBXSourcesBuildPhase section */
		1D9ABA3B1A6307940011A855 /* Sources */ = {
			isa = PBXSourcesBuildPhase;
			buildActionMask = 2147483647;
			files = (
				1D9ABA4E1A6307940011A855 /* DataViewController.m in Sources */,
				1D9ABA481A6307940011A855 /* AppDelegate.m in Sources */,
				1D9ABA511A6307940011A855 /* ModelController.m in Sources */,
				1D9ABA451A6307940011A855 /* main.m in Sources */,
				1D9ABA4B1A6307940011A855 /* RootViewController.m in Sources */,
			);
			runOnlyForDeploymentPostprocessing = 0;
		};
		1D9ABA5A1A6307940011A855 /* Sources */ = {
			isa = PBXSourcesBuildPhase;
			buildActionMask = 2147483647;
			files = (
				1D9ABA651A6307940011A855 /* PageBased_iOSTests.m in Sources */,
			);
			runOnlyForDeploymentPostprocessing = 0;
		};
/* End PBXSourcesBuildPhase section */

/* Begin PBXTargetDependency section */
		1D9ABA601A6307940011A855 /* PBXTargetDependency */ = {
			isa = PBXTargetDependency;
			target = 1D9ABA3E1A6307940011A855 /* PageBased_iOS */;
			targetProxy = 1D9ABA5F1A6307940011A855 /* PBXContainerItemProxy */;
		};
/* End PBXTargetDependency section */

/* Begin PBXVariantGroup section */
		1D9ABA521A6307940011A855 /* Main.storyboard */ = {
			isa = PBXVariantGroup;
			children = (
				1D9ABA531A6307940011A855 /* Base */,
			);
			name = Main.storyboard;
			sourceTree = "<group>";
		};
		1D9ABA571A6307940011A855 /* LaunchScreen.xib */ = {
			isa = PBXVariantGroup;
			children = (
				1D9ABA581A6307940011A855 /* Base */,
			);
			name = LaunchScreen.xib;
			sourceTree = "<group>";
		};
/* End PBXVariantGroup section */

/* Begin XCBuildConfiguration section */
		1D9ABA661A6307940011A855 /* Debug */ = {
			isa = XCBuildConfiguration;
			buildSettings = {
				ALWAYS_SEARCH_USER_PATHS = NO;
				CLANG_CXX_LANGUAGE_STANDARD = "gnu++0x";
				CLANG_CXX_LIBRARY = "libc++";
				CLANG_ENABLE_MODULES = YES;
				CLANG_ENABLE_OBJC_ARC = YES;
				CLANG_WARN_BOOL_CONVERSION = YES;
				CLANG_WARN_CONSTANT_CONVERSION = YES;
				CLANG_WARN_DIRECT_OBJC_ISA_USAGE = YES_ERROR;
				CLANG_WARN_EMPTY_BODY = YES;
				CLANG_WARN_ENUM_CONVERSION = YES;
				CLANG_WARN_INT_CONVERSION = YES;
				CLANG_WARN_OBJC_ROOT_CLASS = YES_ERROR;
				CLANG_WARN_UNREACHABLE_CODE = YES;
				CLANG_WARN__DUPLICATE_METHOD_MATCH = YES;
				"CODE_SIGN_IDENTITY[sdk=iphoneos*]" = "iPhone Developer";
				COPY_PHASE_STRIP = NO;
				ENABLE_STRICT_OBJC_MSGSEND = YES;
				GCC_C_LANGUAGE_STANDARD = gnu99;
				GCC_DYNAMIC_NO_PIC = NO;
				GCC_OPTIMIZATION_LEVEL = 0;
				GCC_PREPROCESSOR_DEFINITIONS = (
					"DEBUG=1",
					"$(inherited)",
				);
				GCC_SYMBOLS_PRIVATE_EXTERN = NO;
				GCC_WARN_64_TO_32_BIT_CONVERSION = YES;
				GCC_WARN_ABOUT_RETURN_TYPE = YES_ERROR;
				GCC_WARN_UNDECLARED_SELECTOR = YES;
				GCC_WARN_UNINITIALIZED_AUTOS = YES_AGGRESSIVE;
				GCC_WARN_UNUSED_FUNCTION = YES;
				GCC_WARN_UNUSED_VARIABLE = YES;
				IPHONEOS_DEPLOYMENT_TARGET = 8.1;
				MTL_ENABLE_DEBUG_INFO = YES;
				ONLY_ACTIVE_ARCH = YES;
				SDKROOT = iphoneos;
				TARGETED_DEVICE_FAMILY = "1,2";
			};
			name = Debug;
		};
		1D9ABA671A6307940011A855 /* Release */ = {
			isa = XCBuildConfiguration;
			buildSettings = {
				ALWAYS_SEARCH_USER_PATHS = NO;
				CLANG_CXX_LANGUAGE_STANDARD = "gnu++0x";
				CLANG_CXX_LIBRARY = "libc++";
				CLANG_ENABLE_MODULES = YES;
				CLANG_ENABLE_OBJC_ARC = YES;
				CLANG_WARN_BOOL_CONVERSION = YES;
				CLANG_WARN_CONSTANT_CONVERSION = YES;
				CLANG_WARN_DIRECT_OBJC_ISA_USAGE = YES_ERROR;
				CLANG_WARN_EMPTY_BODY = YES;
				CLANG_WARN_ENUM_CONVERSION = YES;
				CLANG_WARN_INT_CONVERSION = YES;
				CLANG_WARN_OBJC_ROOT_CLASS = YES_ERROR;
				CLANG_WARN_UNREACHABLE_CODE = YES;
				CLANG_WARN__DUPLICATE_METHOD_MATCH = YES;
				"CODE_SIGN_IDENTITY[sdk=iphoneos*]" = "iPhone Developer";
				COPY_PHASE_STRIP = YES;
				ENABLE_NS_ASSERTIONS = NO;
				ENABLE_STRICT_OBJC_MSGSEND = YES;
				GCC_C_LANGUAGE_STANDARD = gnu99;
				GCC_WARN_64_TO_32_BIT_CONVERSION = YES;
				GCC_WARN_ABOUT_RETURN_TYPE = YES_ERROR;
				GCC_WARN_UNDECLARED_SELECTOR = YES;
				GCC_WARN_UNINITIALIZED_AUTOS = YES_AGGRESSIVE;
				GCC_WARN_UNUSED_FUNCTION = YES;
				GCC_WARN_UNUSED_VARIABLE = YES;
				IPHONEOS_DEPLOYMENT_TARGET = 8.1;
				MTL_ENABLE_DEBUG_INFO = NO;
				SDKROOT = iphoneos;
				TARGETED_DEVICE_FAMILY = "1,2";
				VALIDATE_PRODUCT = YES;
			};
			name = Release;
		};
		1D9ABA691A6307940011A855 /* Debug */ = {
			isa = XCBuildConfiguration;
			buildSettings = {
				ASSETCATALOG_COMPILER_APPICON_NAME = AppIcon;
				INFOPLIST_FILE = PageBased_iOS/Info.plist;
				LD_RUNPATH_SEARCH_PATHS = "$(inherited) @executable_path/Frameworks";
				PRODUCT_NAME = "$(TARGET_NAME)";
			};
			name = Debug;
		};
		1D9ABA6A1A6307940011A855 /* Release */ = {
			isa = XCBuildConfiguration;
			buildSettings = {
				ASSETCATALOG_COMPILER_APPICON_NAME = AppIcon;
				INFOPLIST_FILE = PageBased_iOS/Info.plist;
				LD_RUNPATH_SEARCH_PATHS = "$(inherited) @executable_path/Frameworks";
				PRODUCT_NAME = "$(TARGET_NAME)";
			};
			name = Release;
		};
		1D9ABA6C1A6307940011A855 /* Debug */ = {
			isa = XCBuildConfiguration;
			buildSettings = {
				BUNDLE_LOADER = "$(TEST_HOST)";
				FRAMEWORK_SEARCH_PATHS = (
					"$(SDKROOT)/Developer/Library/Frameworks",
					"$(inherited)",
				);
				GCC_PREPROCESSOR_DEFINITIONS = (
					"DEBUG=1",
					"$(inherited)",
				);
				INFOPLIST_FILE = PageBased_iOSTests/Info.plist;
				LD_RUNPATH_SEARCH_PATHS = "$(inherited) @executable_path/Frameworks @loader_path/Frameworks";
				PRODUCT_NAME = "$(TARGET_NAME)";
				TEST_HOST = "$(BUILT_PRODUCTS_DIR)/PageBased_iOS.app/PageBased_iOS";
			};
			name = Debug;
		};
		1D9ABA6D1A6307940011A855 /* Release */ = {
			isa = XCBuildConfiguration;
			buildSettings = {
				BUNDLE_LOADER = "$(TEST_HOST)";
				FRAMEWORK_SEARCH_PATHS = (
					"$(SDKROOT)/Developer/Library/Frameworks",
					"$(inherited)",
				);
				INFOPLIST_FILE = PageBased_iOSTests/Info.plist;
				LD_RUNPATH_SEARCH_PATHS = "$(inherited) @executable_path/Frameworks @loader_path/Frameworks";
				PRODUCT_NAME = "$(TARGET_NAME)";
				TEST_HOST = "$(BUILT_PRODUCTS_DIR)/PageBased_iOS.app/PageBased_iOS";
			};
			name = Release;
		};
/* End XCBuildConfiguration section */

/* Begin XCConfigurationList section */
		1D9ABA3A1A6307930011A855 /* Build configuration list for PBXProject "PageBased_iOS" */ = {
			isa = XCConfigurationList;
			buildConfigurations = (
				1D9ABA661A6307940011A855 /* Debug */,
				1D9ABA671A6307940011A855 /* Release */,
			);
			defaultConfigurationIsVisible = 0;
			defaultConfigurationName = Release;
		};
		1D9ABA681A6307940011A855 /* Build configuration list for PBXNativeTarget "PageBased_iOS" */ = {
			isa = XCConfigurationList;
			buildConfigurations = (
				1D9ABA691A6307940011A855 /* Debug */,
				1D9ABA6A1A6307940011A855 /* Release */,
			);
			defaultConfigurationIsVisible = 0;
		};
		1D9ABA6B1A6307940011A855 /* Build configuration list for PBXNativeTarget "PageBased_iOSTests" */ = {
			isa = XCConfigurationList;
			buildConfigurations = (
				1D9ABA6C1A6307940011A855 /* Debug */,
				1D9ABA6D1A6307940011A855 /* Release */,
			);
			defaultConfigurationIsVisible = 0;
		};
/* End XCConfigurationList section */
	};
	rootObject = 1D9ABA371A6307930011A855 /* Project object */;
}
