// !$*UTF8*$!
{
	archiveVersion = 1;
	classes = {
	};
	objectVersion = 46;
	objects = {

/* Begin PBXBuildFile section */
		1D9ABAAF1A6307C60011A855 /* main.m in Sources */ = {isa = PBXBuildFile; fileRef = 1D9ABAAE1A6307C60011A855 /* main.m */; };
		1D9ABAB21A6307C60011A855 /* AppDelegate.m in Sources */ = {isa = PBXBuildFile; fileRef = 1D9ABAB11A6307C60011A855 /* AppDelegate.m */; };
		1D9ABAB51A6307C60011A855 /* FirstViewController.m in Sources */ = {isa = PBXBuildFile; fileRef = 1D9ABAB41A6307C60011A855 /* FirstViewController.m */; };
		1D9ABAB81A6307C60011A855 /* SecondViewController.m in Sources */ = {isa = PBXBuildFile; fileRef = 1D9ABAB71A6307C60011A855 /* SecondViewController.m */; };
		1D9ABABB1A6307C60011A855 /* Main.storyboard in Resources */ = {isa = PBXBuildFile; fileRef = 1D9ABAB91A6307C60011A855 /* Main.storyboard */; };
		1D9ABABD1A6307C60011A855 /* Images.xcassets in Resources */ = {isa = PBXBuildFile; fileRef = 1D9ABABC1A6307C60011A855 /* Images.xcassets */; };
		1D9ABAC01A6307C60011A855 /* LaunchScreen.xib in Resources */ = {isa = PBXBuildFile; fileRef = 1D9ABABE1A6307C60011A855 /* LaunchScreen.xib */; };
		1D9ABACC1A6307C60011A855 /* TabbedView_iOSTests.m in Sources */ = {isa = PBXBuildFile; fileRef = 1D9ABACB1A6307C60011A855 /* TabbedView_iOSTests.m */; };
/* End PBXBuildFile section */

/* Begin PBXContainerItemProxy section */
		1D9ABAC61A6307C60011A855 /* PBXContainerItemProxy */ = {
			isa = PBXContainerItemProxy;
			containerPortal = 1D9ABAA11A6307C60011A855 /* Project object */;
			proxyType = 1;
			remoteGlobalIDString = 1D9ABAA81A6307C60011A855;
			remoteInfo = TabbedView_iOS;
		};
/* End PBXContainerItemProxy section */

/* Begin PBXFileReference section */
		1D9ABAA91A6307C60011A855 /* TabbedView_iOS.app */ = {isa = PBXFileReference; explicitFileType = wrapper.application; includeInIndex = 0; path = TabbedView_iOS.app; sourceTree = BUILT_PRODUCTS_DIR; };
		1D9ABAAD1A6307C60011A855 /* Info.plist */ = {isa = PBXFileReference; lastKnownFileType = text.plist.xml; path = Info.plist; sourceTree = "<group>"; };
		1D9ABAAE1A6307C60011A855 /* main.m */ = {isa = PBXFileReference; lastKnownFileType = sourcecode.c.objc; path = main.m; sourceTree = "<group>"; };
		1D9ABAB01A6307C60011A855 /* AppDelegate.h */ = {isa = PBXFileReference; lastKnownFileType = sourcecode.c.h; path = AppDelegate.h; sourceTree = "<group>"; };
		1D9ABAB11A6307C60011A855 /* AppDelegate.m */ = {isa = PBXFileReference; lastKnownFileType = sourcecode.c.objc; path = AppDelegate.m; sourceTree = "<group>"; };
		1D9ABAB31A6307C60011A855 /* FirstViewController.h */ = {isa = PBXFileReference; lastKnownFileType = sourcecode.c.h; path = FirstViewController.h; sourceTree = "<group>"; };
		1D9ABAB41A6307C60011A855 /* FirstViewController.m */ = {isa = PBXFileReference; lastKnownFileType = sourcecode.c.objc; path = FirstViewController.m; sourceTree = "<group>"; };
		1D9ABAB61A6307C60011A855 /* SecondViewController.h */ = {isa = PBXFileReference; lastKnownFileType = sourcecode.c.h; path = SecondViewController.h; sourceTree = "<group>"; };
		1D9ABAB71A6307C60011A855 /* SecondViewController.m */ = {isa = PBXFileReference; lastKnownFileType = sourcecode.c.objc; path = SecondViewController.m; sourceTree = "<group>"; };
		1D9ABABA1A6307C60011A855 /* Base */ = {isa = PBXFileReference; lastKnownFileType = file.storyboard; name = Base; path = Base.lproj/Main.storyboard; sourceTree = "<group>"; };
		1D9ABABC1A6307C60011A855 /* Images.xcassets */ = {isa = PBXFileReference; lastKnownFileType = folder.assetcatalog; path = Images.xcassets; sourceTree = "<group>"; };
		1D9ABABF1A6307C60011A855 /* Base */ = {isa = PBXFileReference; lastKnownFileType = file.xib; name = Base; path = Base.lproj/LaunchScreen.xib; sourceTree = "<group>"; };
		1D9ABAC51A6307C60011A855 /* TabbedView_iOSTests.xctest */ = {isa = PBXFileReference; explicitFileType = wrapper.cfbundle; includeInIndex = 0; path = TabbedView_iOSTests.xctest; sourceTree = BUILT_PRODUCTS_DIR; };
		1D9ABACA1A6307C60011A855 /* Info.plist */ = {isa = PBXFileReference; lastKnownFileType = text.plist.xml; path = Info.plist; sourceTree = "<group>"; };
		1D9ABACB1A6307C60011A855 /* TabbedView_iOSTests.m */ = {isa = PBXFileReference; lastKnownFileType = sourcecode.c.objc; path = TabbedView_iOSTests.m; sourceTree = "<group>"; };
/* End PBXFileReference section */

/* Begin PBXFrameworksBuildPhase section */
		1D9ABAA61A6307C60011A855 /* Frameworks */ = {
			isa = PBXFrameworksBuildPhase;
			buildActionMask = 2147483647;
			files = (
			);
			runOnlyForDeploymentPostprocessing = 0;
		};
		1D9ABAC21A6307C60011A855 /* Frameworks */ = {
			isa = PBXFrameworksBuildPhase;
			buildActionMask = 2147483647;
			files = (
			);
			runOnlyForDeploymentPostprocessing = 0;
		};
/* End PBXFrameworksBuildPhase section */

/* Begin PBXGroup section */
		1D9ABAA01A6307C60011A855 = {
			isa = PBXGroup;
			children = (
				1D9ABAAB1A6307C60011A855 /* TabbedView_iOS */,
				1D9ABAC81A6307C60011A855 /* TabbedView_iOSTests */,
				1D9ABAAA1A6307C60011A855 /* Products */,
			);
			sourceTree = "<group>";
		};
		1D9ABAAA1A6307C60011A855 /* Products */ = {
			isa = PBXGroup;
			children = (
				1D9ABAA91A6307C60011A855 /* TabbedView_iOS.app */,
				1D9ABAC51A6307C60011A855 /* TabbedView_iOSTests.xctest */,
			);
			name = Products;
			sourceTree = "<group>";
		};
		1D9ABAAB1A6307C60011A855 /* TabbedView_iOS */ = {
			isa = PBXGroup;
			children = (
				1D9ABAB01A6307C60011A855 /* AppDelegate.h */,
				1D9ABAB11A6307C60011A855 /* AppDelegate.m */,
				1D9ABAB31A6307C60011A855 /* FirstViewController.h */,
				1D9ABAB41A6307C60011A855 /* FirstViewController.m */,
				1D9ABAB61A6307C60011A855 /* SecondViewController.h */,
				1D9ABAB71A6307C60011A855 /* SecondViewController.m */,
				1D9ABAB91A6307C60011A855 /* Main.storyboard */,
				1D9ABABC1A6307C60011A855 /* Images.xcassets */,
				1D9ABABE1A6307C60011A855 /* LaunchScreen.xib */,
				1D9ABAAC1A6307C60011A855 /* Supporting Files */,
			);
			path = TabbedView_iOS;
			sourceTree = "<group>";
		};
		1D9ABAAC1A6307C60011A855 /* Supporting Files */ = {
			isa = PBXGroup;
			children = (
				1D9ABAAD1A6307C60011A855 /* Info.plist */,
				1D9ABAAE1A6307C60011A855 /* main.m */,
			);
			name = "Supporting Files";
			sourceTree = "<group>";
		};
		1D9ABAC81A6307C60011A855 /* TabbedView_iOSTests */ = {
			isa = PBXGroup;
			children = (
				1D9ABACB1A6307C60011A855 /* TabbedView_iOSTests.m */,
				1D9ABAC91A6307C60011A855 /* Supporting Files */,
			);
			path = TabbedView_iOSTests;
			sourceTree = "<group>";
		};
		1D9ABAC91A6307C60011A855 /* Supporting Files */ = {
			isa = PBXGroup;
			children = (
				1D9ABACA1A6307C60011A855 /* Info.plist */,
			);
			name = "Supporting Files";
			sourceTree = "<group>";
		};
/* End PBXGroup section */

/* Begin PBXNativeTarget section */
		1D9ABAA81A6307C60011A855 /* TabbedView_iOS */ = {
			isa = PBXNativeTarget;
			buildConfigurationList = 1D9ABACF1A6307C60011A855 /* Build configuration list for PBXNativeTarget "TabbedView_iOS" */;
			buildPhases = (
				1D9ABAA51A6307C60011A855 /* Sources */,
				1D9ABAA61A6307C60011A855 /* Frameworks */,
				1D9ABAA71A6307C60011A855 /* Resources */,
			);
			buildRules = (
			);
			dependencies = (
			);
			name = TabbedView_iOS;
			productName = TabbedView_iOS;
			productReference = 1D9ABAA91A6307C60011A855 /* TabbedView_iOS.app */;
			productType = "com.apple.product-type.application";
		};
		1D9ABAC41A6307C60011A855 /* TabbedView_iOSTests */ = {
			isa = PBXNativeTarget;
			buildConfigurationList = 1D9ABAD21A6307C60011A855 /* Build configuration list for PBXNativeTarget "TabbedView_iOSTests" */;
			buildPhases = (
				1D9ABAC11A6307C60011A855 /* Sources */,
				1D9ABAC21A6307C60011A855 /* Frameworks */,
				1D9ABAC31A6307C60011A855 /* Resources */,
			);
			buildRules = (
			);
			dependencies = (
				1D9ABAC71A6307C60011A855 /* PBXTargetDependency */,
			);
			name = TabbedView_iOSTests;
			productName = TabbedView_iOSTests;
			productReference = 1D9ABAC51A6307C60011A855 /* TabbedView_iOSTests.xctest */;
			productType = "com.apple.product-type.bundle.unit-test";
		};
/* End PBXNativeTarget section */

/* Begin PBXProject section */
		1D9ABAA11A6307C60011A855 /* Project object */ = {
			isa = PBXProject;
			attributes = {
				LastUpgradeCheck = 0610;
				ORGANIZATIONNAME = "Universal Secure Registry";
				TargetAttributes = {
					1D9ABAA81A6307C60011A855 = {
						CreatedOnToolsVersion = 6.1.1;
					};
					1D9ABAC41A6307C60011A855 = {
						CreatedOnToolsVersion = 6.1.1;
						TestTargetID = 1D9ABAA81A6307C60011A855;
					};
				};
			};
			buildConfigurationList = 1D9ABAA41A6307C60011A855 /* Build configuration list for PBXProject "TabbedView_iOS" */;
			compatibilityVersion = "Xcode 3.2";
			developmentRegion = English;
			hasScannedForEncodings = 0;
			knownRegions = (
				en,
				Base,
			);
			mainGroup = 1D9ABAA01A6307C60011A855;
			productRefGroup = 1D9ABAAA1A6307C60011A855 /* Products */;
			projectDirPath = "";
			projectRoot = "";
			targets = (
				1D9ABAA81A6307C60011A855 /* TabbedView_iOS */,
				1D9ABAC41A6307C60011A855 /* TabbedView_iOSTests */,
			);
		};
/* End PBXProject section */

/* Begin PBXResourcesBuildPhase section */
		1D9ABAA71A6307C60011A855 /* Resources */ = {
			isa = PBXResourcesBuildPhase;
			buildActionMask = 2147483647;
			files = (
				1D9ABABB1A6307C60011A855 /* Main.storyboard in Resources */,
				1D9ABAC01A6307C60011A855 /* LaunchScreen.xib in Resources */,
				1D9ABABD1A6307C60011A855 /* Images.xcassets in Resources */,
			);
			runOnlyForDeploymentPostprocessing = 0;
		};
		1D9ABAC31A6307C60011A855 /* Resources */ = {
			isa = PBXResourcesBuildPhase;
			buildActionMask = 2147483647;
			files = (
			);
			runOnlyForDeploymentPostprocessing = 0;
		};
/* End PBXResourcesBuildPhase section */

/* Begin PBXSourcesBuildPhase section */
		1D9ABAA51A6307C60011A855 /* Sources */ = {
			isa = PBXSourcesBuildPhase;
			buildActionMask = 2147483647;
			files = (
				1D9ABAB81A6307C60011A855 /* SecondViewController.m in Sources */,
				1D9ABAB21A6307C60011A855 /* AppDelegate.m in Sources */,
				1D9ABAB51A6307C60011A855 /* FirstViewController.m in Sources */,
				1D9ABAAF1A6307C60011A855 /* main.m in Sources */,
			);
			runOnlyForDeploymentPostprocessing = 0;
		};
		1D9ABAC11A6307C60011A855 /* Sources */ = {
			isa = PBXSourcesBuildPhase;
			buildActionMask = 2147483647;
			files = (
				1D9ABACC1A6307C60011A855 /* TabbedView_iOSTests.m in Sources */,
			);
			runOnlyForDeploymentPostprocessing = 0;
		};
/* End PBXSourcesBuildPhase section */

/* Begin PBXTargetDependency section */
		1D9ABAC71A6307C60011A855 /* PBXTargetDependency */ = {
			isa = PBXTargetDependency;
			target = 1D9ABAA81A6307C60011A855 /* TabbedView_iOS */;
			targetProxy = 1D9ABAC61A6307C60011A855 /* PBXContainerItemProxy */;
		};
/* End PBXTargetDependency section */

/* Begin PBXVariantGroup section */
		1D9ABAB91A6307C60011A855 /* Main.storyboard */ = {
			isa = PBXVariantGroup;
			children = (
				1D9ABABA1A6307C60011A855 /* Base */,
			);
			name = Main.storyboard;
			sourceTree = "<group>";
		};
		1D9ABABE1A6307C60011A855 /* LaunchScreen.xib */ = {
			isa = PBXVariantGroup;
			children = (
				1D9ABABF1A6307C60011A855 /* Base */,
			);
			name = LaunchScreen.xib;
			sourceTree = "<group>";
		};
/* End PBXVariantGroup section */

/* Begin XCBuildConfiguration section */
		1D9ABACD1A6307C60011A855 /* Debug */ = {
			isa = XCBuildConfiguration;
			buildSettings = {
				ALWAYS_SEARCH_USER_PATHS = NO;
				CLANG_CXX_LANGUAGE_STANDARD = "gnu++0x";
				CLANG_CXX_LIBRARY = "libc++";
				CLANG_ENABLE_MODULES = YES;
				CLANG_ENABLE_OBJC_ARC = YES;
				CLANG_WARN_BOOL_CONVERSION = YES;
				CLANG_WARN_CONSTANT_CONVERSION = YES;
				CLANG_WARN_DIRECT_OBJC_ISA_USAGE = YES_ERROR;
				CLANG_WARN_EMPTY_BODY = YES;
				CLANG_WARN_ENUM_CONVERSION = YES;
				CLANG_WARN_INT_CONVERSION = YES;
				CLANG_WARN_OBJC_ROOT_CLASS = YES_ERROR;
				CLANG_WARN_UNREACHABLE_CODE = YES;
				CLANG_WARN__DUPLICATE_METHOD_MATCH = YES;
				"CODE_SIGN_IDENTITY[sdk=iphoneos*]" = "iPhone Developer";
				COPY_PHASE_STRIP = NO;
				ENABLE_STRICT_OBJC_MSGSEND = YES;
				GCC_C_LANGUAGE_STANDARD = gnu99;
				GCC_DYNAMIC_NO_PIC = NO;
				GCC_OPTIMIZATION_LEVEL = 0;
				GCC_PREPROCESSOR_DEFINITIONS = (
					"DEBUG=1",
					"$(inherited)",
				);
				GCC_SYMBOLS_PRIVATE_EXTERN = NO;
				GCC_WARN_64_TO_32_BIT_CONVERSION = YES;
				GCC_WARN_ABOUT_RETURN_TYPE = YES_ERROR;
				GCC_WARN_UNDECLARED_SELECTOR = YES;
				GCC_WARN_UNINITIALIZED_AUTOS = YES_AGGRESSIVE;
				GCC_WARN_UNUSED_FUNCTION = YES;
				GCC_WARN_UNUSED_VARIABLE = YES;
				IPHONEOS_DEPLOYMENT_TARGET = 8.1;
				MTL_ENABLE_DEBUG_INFO = YES;
				ONLY_ACTIVE_ARCH = YES;
				SDKROOT = iphoneos;
				TARGETED_DEVICE_FAMILY = "1,2";
			};
			name = Debug;
		};
		1D9ABACE1A6307C60011A855 /* Release */ = {
			isa = XCBuildConfiguration;
			buildSettings = {
				ALWAYS_SEARCH_USER_PATHS = NO;
				CLANG_CXX_LANGUAGE_STANDARD = "gnu++0x";
				CLANG_CXX_LIBRARY = "libc++";
				CLANG_ENABLE_MODULES = YES;
				CLANG_ENABLE_OBJC_ARC = YES;
				CLANG_WARN_BOOL_CONVERSION = YES;
				CLANG_WARN_CONSTANT_CONVERSION = YES;
				CLANG_WARN_DIRECT_OBJC_ISA_USAGE = YES_ERROR;
				CLANG_WARN_EMPTY_BODY = YES;
				CLANG_WARN_ENUM_CONVERSION = YES;
				CLANG_WARN_INT_CONVERSION = YES;
				CLANG_WARN_OBJC_ROOT_CLASS = YES_ERROR;
				CLANG_WARN_UNREACHABLE_CODE = YES;
				CLANG_WARN__DUPLICATE_METHOD_MATCH = YES;
				"CODE_SIGN_IDENTITY[sdk=iphoneos*]" = "iPhone Developer";
				COPY_PHASE_STRIP = YES;
				ENABLE_NS_ASSERTIONS = NO;
				ENABLE_STRICT_OBJC_MSGSEND = YES;
				GCC_C_LANGUAGE_STANDARD = gnu99;
				GCC_WARN_64_TO_32_BIT_CONVERSION = YES;
				GCC_WARN_ABOUT_RETURN_TYPE = YES_ERROR;
				GCC_WARN_UNDECLARED_SELECTOR = YES;
				GCC_WARN_UNINITIALIZED_AUTOS = YES_AGGRESSIVE;
				GCC_WARN_UNUSED_FUNCTION = YES;
				GCC_WARN_UNUSED_VARIABLE = YES;
				IPHONEOS_DEPLOYMENT_TARGET = 8.1;
				MTL_ENABLE_DEBUG_INFO = NO;
				SDKROOT = iphoneos;
				TARGETED_DEVICE_FAMILY = "1,2";
				VALIDATE_PRODUCT = YES;
			};
			name = Release;
		};
		1D9ABAD01A6307C60011A855 /* Debug */ = {
			isa = XCBuildConfiguration;
			buildSettings = {
				ASSETCATALOG_COMPILER_APPICON_NAME = AppIcon;
				INFOPLIST_FILE = TabbedView_iOS/Info.plist;
				LD_RUNPATH_SEARCH_PATHS = "$(inherited) @executable_path/Frameworks";
				PRODUCT_NAME = "$(TARGET_NAME)";
			};
			name = Debug;
		};
		1D9ABAD11A6307C60011A855 /* Release */ = {
			isa = XCBuildConfiguration;
			buildSettings = {
				ASSETCATALOG_COMPILER_APPICON_NAME = AppIcon;
				INFOPLIST_FILE = TabbedView_iOS/Info.plist;
				LD_RUNPATH_SEARCH_PATHS = "$(inherited) @executable_path/Frameworks";
				PRODUCT_NAME = "$(TARGET_NAME)";
			};
			name = Release;
		};
		1D9ABAD31A6307C60011A855 /* Debug */ = {
			isa = XCBuildConfiguration;
			buildSettings = {
				BUNDLE_LOADER = "$(TEST_HOST)";
				FRAMEWORK_SEARCH_PATHS = (
					"$(SDKROOT)/Developer/Library/Frameworks",
					"$(inherited)",
				);
				GCC_PREPROCESSOR_DEFINITIONS = (
					"DEBUG=1",
					"$(inherited)",
				);
				INFOPLIST_FILE = TabbedView_iOSTests/Info.plist;
				LD_RUNPATH_SEARCH_PATHS = "$(inherited) @executable_path/Frameworks @loader_path/Frameworks";
				PRODUCT_NAME = "$(TARGET_NAME)";
				TEST_HOST = "$(BUILT_PRODUCTS_DIR)/TabbedView_iOS.app/TabbedView_iOS";
			};
			name = Debug;
		};
		1D9ABAD41A6307C60011A855 /* Release */ = {
			isa = XCBuildConfiguration;
			buildSettings = {
				BUNDLE_LOADER = "$(TEST_HOST)";
				FRAMEWORK_SEARCH_PATHS = (
					"$(SDKROOT)/Developer/Library/Frameworks",
					"$(inherited)",
				);
				INFOPLIST_FILE = TabbedView_iOSTests/Info.plist;
				LD_RUNPATH_SEARCH_PATHS = "$(inherited) @executable_path/Frameworks @loader_path/Frameworks";
				PRODUCT_NAME = "$(TARGET_NAME)";
				TEST_HOST = "$(BUILT_PRODUCTS_DIR)/TabbedView_iOS.app/TabbedView_iOS";
			};
			name = Release;
		};
/* End XCBuildConfiguration section */

/* Begin XCConfigurationList section */
		1D9ABAA41A6307C60011A855 /* Build configuration list for PBXProject "TabbedView_iOS" */ = {
			isa = XCConfigurationList;
			buildConfigurations = (
				1D9ABACD1A6307C60011A855 /* Debug */,
				1D9ABACE1A6307C60011A855 /* Release */,
			);
			defaultConfigurationIsVisible = 0;
			defaultConfigurationName = Release;
		};
		1D9ABACF1A6307C60011A855 /* Build configuration list for PBXNativeTarget "TabbedView_iOS" */ = {
			isa = XCConfigurationList;
			buildConfigurations = (
				1D9ABAD01A6307C60011A855 /* Debug */,
				1D9ABAD11A6307C60011A855 /* Release */,
			);
			defaultConfigurationIsVisible = 0;
		};
		1D9ABAD21A6307C60011A855 /* Build configuration list for PBXNativeTarget "TabbedView_iOSTests" */ = {
			isa = XCConfigurationList;
			buildConfigurations = (
				1D9ABAD31A6307C60011A855 /* Debug */,
				1D9ABAD41A6307C60011A855 /* Release */,
			);
			defaultConfigurationIsVisible = 0;
		};
/* End XCConfigurationList section */
	};
	rootObject = 1D9ABAA11A6307C60011A855 /* Project object */;
}
